{
  "name": "piano-quiz-app",
  "version": "1.0.0",
  "description": "Piano Editor and Scale Quiz Web App",
  "main": "server.js",
  "scripts": {
    "start": "node server.js",
    "test": "echo \"Error: no test specified\" && exit 1"
  },
  "keywords": [
    "piano",
    "midi",
    "quiz",
    "scales",
    "music",
    "editor",
    "web"
  ],
  "author": "",
  "license": "ISC",
  "dependencies": {
    "express": "^4.18.2"
  },
  "engines": {
    "node": ">=18.0.0"
  }
}